
Microsoft Visual Studio Solution File, Format Version 11.00
# Visual Studio 2010
Project("{8BC9CEB8-8B4A-11D0-8D11-00A0C91BC942}") = "Pikmin_fangame_engine", "Pikmin_fangame_engine.vcxproj", "{883D2E2C-1665-4F9D-8073-01560CB35D35}"
EndProject
Global
	GlobalSection(SolutionConfigurationPlatforms) = preSolution
		Debug|Win32 = Debug|Win32
		Release|Win32 = Release|Win32
	EndGlobalSection
	GlobalSection(ProjectConfigurationPlatforms) = postSolution
		{883D2E2C-1665-4F9D-8073-01560CB35D35}.Debug|Win32.ActiveCfg = Debug|Win32
		{883D2E2C-1665-4F9D-8073-01560CB35D35}.Debug|Win32.Build.0 = Debug|Win32
		{883D2E2C-1665-4F9D-8073-01560CB35D35}.Release|Win32.ActiveCfg = Release|Win32
		{883D2E2C-1665-4F9D-8073-01560CB35D35}.Release|Win32.Build.0 = Release|Win32
	EndGlobalSection
	GlobalSection(SolutionProperties) = preSolution
		HideSolutionNode = FALSE
	EndGlobalSection
EndGlobal
