<?xml version="1.0" encoding="utf-8"?>
<Project ToolsVersion="4.0" xmlns="http://schemas.microsoft.com/developer/msbuild/2003">
  <ItemGroup>
    <Filter Include="Source Files">
      <UniqueIdentifier>{4FC737F1-C7A5-4376-A066-2A32D752A2FF}</UniqueIdentifier>
      <Extensions>cpp;c;cc;cxx;def;odl;idl;hpj;bat;asm;asmx</Extensions>
    </Filter>
    <Filter Include="Header Files">
      <UniqueIdentifier>{93995380-89BD-4b04-88EB-625FBE52EBFB}</UniqueIdentifier>
      <Extensions>h;hpp;hxx;hm;inl;inc;xsd</Extensions>
    </Filter>
    <Filter Include="Resource Files">
      <UniqueIdentifier>{67DA6AB6-F800-4c08-8B7A-83BB121AAD01}</UniqueIdentifier>
      <Extensions>rc;ico;cur;bmp;dlg;rc2;rct;bin;rgs;gif;jpg;jpeg;jpe;resx;tiff;tif;png;wav;mfcribbon-ms</Extensions>
    </Filter>
  </ItemGroup>
  <ItemGroup>
    <ClCompile Include="mob.cpp">
      <Filter>Source Files</Filter>
    </ClCompile>
    <ClCompile Include="vars.cpp">
      <Filter>Source Files</Filter>
    </ClCompile>
    <ClCompile Include="main.cpp">
      <Filter>Source Files</Filter>
    </ClCompile>
    <ClCompile Include="leader.cpp">
      <Filter>Source Files</Filter>
    </ClCompile>
    <ClCompile Include="functions.cpp">
      <Filter>Source Files</Filter>
    </ClCompile>
    <ClCompile Include="particle.cpp">
      <Filter>Source Files</Filter>
    </ClCompile>
    <ClCompile Include="pikmin_type.cpp">
      <Filter>Source Files</Filter>
    </ClCompile>
    <ClCompile Include="pikmin.cpp">
      <Filter>Source Files</Filter>
    </ClCompile>
    <ClCompile Include="sector.cpp">
      <Filter>Source Files</Filter>
    </ClCompile>
    <ClCompile Include="spray_type.cpp">
      <Filter>Source Files</Filter>
    </ClCompile>
    <ClCompile Include="status.cpp">
      <Filter>Source Files</Filter>
    </ClCompile>
    <ClCompile Include="animation.cpp">
      <Filter>Source Files</Filter>
    </ClCompile>
    <ClCompile Include="treasure.cpp">
      <Filter>Source Files</Filter>
    </ClCompile>
    <ClCompile Include="onion.cpp">
      <Filter>Source Files</Filter>
    </ClCompile>
    <ClCompile Include="info_spot.cpp">
      <Filter>Source Files</Filter>
    </ClCompile>
    <ClCompile Include="nectar.cpp">
      <Filter>Source Files</Filter>
    </ClCompile>
    <ClCompile Include="controls.cpp">
      <Filter>Source Files</Filter>
    </ClCompile>
    <ClCompile Include="logic.cpp">
      <Filter>Source Files</Filter>
    </ClCompile>
    <ClCompile Include="drawing.cpp">
      <Filter>Source Files</Filter>
    </ClCompile>
    <ClCompile Include="data_file.cpp">
      <Filter>Source Files</Filter>
    </ClCompile>
    <ClCompile Include="enemy.cpp">
      <Filter>Source Files</Filter>
    </ClCompile>
  </ItemGroup>
  <ItemGroup>
    <ClInclude Include="const.h">
      <Filter>Header Files</Filter>
    </ClInclude>
    <ClInclude Include="element.h">
      <Filter>Header Files</Filter>
    </ClInclude>
    <ClInclude Include="enemy.h">
      <Filter>Header Files</Filter>
    </ClInclude>
    <ClInclude Include="enemy_state.h">
      <Filter>Header Files</Filter>
    </ClInclude>
    <ClInclude Include="enemy_type.h">
      <Filter>Header Files</Filter>
    </ClInclude>
    <ClInclude Include="hitbox.h">
      <Filter>Header Files</Filter>
    </ClInclude>
    <ClInclude Include="leader.h">
      <Filter>Header Files</Filter>
    </ClInclude>
    <ClInclude Include="level_object.h">
      <Filter>Header Files</Filter>
    </ClInclude>
    <ClInclude Include="mob.h">
      <Filter>Header Files</Filter>
    </ClInclude>
    <ClInclude Include="object_state.h">
      <Filter>Header Files</Filter>
    </ClInclude>
    <ClInclude Include="pikmin.h">
      <Filter>Header Files</Filter>
    </ClInclude>
    <ClInclude Include="pikmin_type.h">
      <Filter>Header Files</Filter>
    </ClInclude>
    <ClInclude Include="state.h">
      <Filter>Header Files</Filter>
    </ClInclude>
    <ClInclude Include="status.h">
      <Filter>Header Files</Filter>
    </ClInclude>
    <ClInclude Include="vars.h">
      <Filter>Header Files</Filter>
    </ClInclude>
    <ClInclude Include="functions.h">
      <Filter>Header Files</Filter>
    </ClInclude>
    <ClInclude Include="particle.h">
      <Filter>Header Files</Filter>
    </ClInclude>
    <ClInclude Include="sector.h">
      <Filter>Header Files</Filter>
    </ClInclude>
    <ClInclude Include="spray_type.h">
      <Filter>Header Files</Filter>
    </ClInclude>
    <ClInclude Include="frame.h">
      <Filter>Header Files</Filter>
    </ClInclude>
    <ClInclude Include="animation.h">
      <Filter>Header Files</Filter>
    </ClInclude>
    <ClInclude Include="treasure.h">
      <Filter>Header Files</Filter>
    </ClInclude>
    <ClInclude Include="onion.h">
      <Filter>Header Files</Filter>
    </ClInclude>
    <ClInclude Include="info_spot.h">
      <Filter>Header Files</Filter>
    </ClInclude>
    <ClInclude Include="nectar.h">
      <Filter>Header Files</Filter>
    </ClInclude>
    <ClInclude Include="controls.h">
      <Filter>Header Files</Filter>
    </ClInclude>
    <ClInclude Include="logic.h">
      <Filter>Header Files</Filter>
    </ClInclude>
    <ClInclude Include="drawing.h">
      <Filter>Header Files</Filter>
    </ClInclude>
    <ClInclude Include="data_file.h">
      <Filter>Header Files</Filter>
    </ClInclude>
  </ItemGroup>
</Project>