<?xml version="1.0" encoding="utf-8"?>
<Project ToolsVersion="4.0" xmlns="http://schemas.microsoft.com/developer/msbuild/2003">
  <ItemGroup>
    <Filter Include="Source Files">
      <UniqueIdentifier>{4FC737F1-C7A5-4376-A066-2A32D752A2FF}</UniqueIdentifier>
      <Extensions>cpp;c;cc;cxx;def;odl;idl;hpj;bat;asm;asmx</Extensions>
    </Filter>
    <Filter Include="Header Files">
      <UniqueIdentifier>{93995380-89BD-4b04-88EB-625FBE52EBFB}</UniqueIdentifier>
      <Extensions>h;hpp;hxx;hm;inl;inc;xsd</Extensions>
    </Filter>
    <Filter Include="Resource Files">
      <UniqueIdentifier>{67DA6AB6-F800-4c08-8B7A-83BB121AAD01}</UniqueIdentifier>
      <Extensions>rc;ico;cur;bmp;dlg;rc2;rct;bin;rgs;gif;jpg;jpeg;jpe;resx;tiff;tif;png;wav;mfcribbon-ms</Extensions>
    </Filter>
    <Filter Include="Header Files\LAFI">
      <UniqueIdentifier>{00539f69-f575-422e-bfcd-854de41758b0}</UniqueIdentifier>
    </Filter>
    <Filter Include="Source Files\LAFI">
      <UniqueIdentifier>{bc8115c0-b3e2-40f0-81b9-0b8c83a5c327}</UniqueIdentifier>
    </Filter>
    <Filter Include="Header Files\spec_mobs">
      <UniqueIdentifier>{f5ccfc80-9f79-45b0-b3c3-0de0ad5dfc0f}</UniqueIdentifier>
    </Filter>
    <Filter Include="Source Files\spec_mobs">
      <UniqueIdentifier>{67a77ca6-7243-4358-8e7e-463e9c4e6f69}</UniqueIdentifier>
    </Filter>
  </ItemGroup>
  <ItemGroup>
    <ClCompile Include="mob.cpp">
      <Filter>Source Files</Filter>
    </ClCompile>
    <ClCompile Include="vars.cpp">
      <Filter>Source Files</Filter>
    </ClCompile>
    <ClCompile Include="main.cpp">
      <Filter>Source Files</Filter>
    </ClCompile>
    <ClCompile Include="leader.cpp">
      <Filter>Source Files</Filter>
    </ClCompile>
    <ClCompile Include="functions.cpp">
      <Filter>Source Files</Filter>
    </ClCompile>
    <ClCompile Include="particle.cpp">
      <Filter>Source Files</Filter>
    </ClCompile>
    <ClCompile Include="pikmin_type.cpp">
      <Filter>Source Files</Filter>
    </ClCompile>
    <ClCompile Include="pikmin.cpp">
      <Filter>Source Files</Filter>
    </ClCompile>
    <ClCompile Include="sector.cpp">
      <Filter>Source Files</Filter>
    </ClCompile>
    <ClCompile Include="spray_type.cpp">
      <Filter>Source Files</Filter>
    </ClCompile>
    <ClCompile Include="status.cpp">
      <Filter>Source Files</Filter>
    </ClCompile>
    <ClCompile Include="treasure.cpp">
      <Filter>Source Files</Filter>
    </ClCompile>
    <ClCompile Include="data_file.cpp">
      <Filter>Source Files</Filter>
    </ClCompile>
    <ClCompile Include="enemy.cpp">
      <Filter>Source Files</Filter>
    </ClCompile>
    <ClCompile Include="spec_objs\nectar.cpp">
      <Filter>Source Files\spec_mobs</Filter>
    </ClCompile>
    <ClCompile Include="spec_objs\info_spot.cpp">
      <Filter>Source Files\spec_mobs</Filter>
    </ClCompile>
    <ClCompile Include="misc_structs.cpp">
      <Filter>Source Files</Filter>
    </ClCompile>
    <ClCompile Include="weather.cpp">
      <Filter>Source Files</Filter>
    </ClCompile>
    <ClCompile Include="interval.cpp">
      <Filter>Source Files</Filter>
    </ClCompile>
    <ClCompile Include="controls.cpp">
      <Filter>Source Files</Filter>
    </ClCompile>
    <ClCompile Include="mob_event.cpp">
      <Filter>Source Files</Filter>
    </ClCompile>
    <ClCompile Include="LAFI\button.cpp">
      <Filter>Source Files\LAFI</Filter>
    </ClCompile>
    <ClCompile Include="LAFI\checkbox.cpp">
      <Filter>Source Files\LAFI</Filter>
    </ClCompile>
    <ClCompile Include="LAFI\frame.cpp">
      <Filter>Source Files\LAFI</Filter>
    </ClCompile>
    <ClCompile Include="LAFI\gui.cpp">
      <Filter>Source Files\LAFI</Filter>
    </ClCompile>
    <ClCompile Include="LAFI\label.cpp">
      <Filter>Source Files\LAFI</Filter>
    </ClCompile>
    <ClCompile Include="LAFI\radio_button.cpp">
      <Filter>Source Files\LAFI</Filter>
    </ClCompile>
    <ClCompile Include="LAFI\scrollbar.cpp">
      <Filter>Source Files\LAFI</Filter>
    </ClCompile>
    <ClCompile Include="LAFI\style.cpp">
      <Filter>Source Files\LAFI</Filter>
    </ClCompile>
    <ClCompile Include="LAFI\textbox.cpp">
      <Filter>Source Files\LAFI</Filter>
    </ClCompile>
    <ClCompile Include="LAFI\widget.cpp">
      <Filter>Source Files\LAFI</Filter>
    </ClCompile>
    <ClCompile Include="LAFI\minor.cpp">
      <Filter>Source Files\LAFI</Filter>
    </ClCompile>
    <ClCompile Include="animation.cpp">
      <Filter>Source Files</Filter>
    </ClCompile>
    <ClCompile Include="drawing.cpp">
      <Filter>Source Files</Filter>
    </ClCompile>
    <ClCompile Include="mob_type.cpp">
      <Filter>Source Files</Filter>
    </ClCompile>
    <ClCompile Include="animation_editor.cpp">
      <Filter>Source Files</Filter>
    </ClCompile>
    <ClCompile Include="area_editor.cpp">
      <Filter>Source Files</Filter>
    </ClCompile>
    <ClCompile Include="logic.cpp">
      <Filter>Source Files</Filter>
    </ClCompile>
    <ClCompile Include="hitbox.cpp">
      <Filter>Source Files</Filter>
    </ClCompile>
    <ClCompile Include="LAFI\angle_picker.cpp">
      <Filter>Source Files\LAFI</Filter>
    </ClCompile>
    <ClCompile Include="leader_type.cpp">
      <Filter>Source Files</Filter>
    </ClCompile>
    <ClCompile Include="onion.cpp">
      <Filter>Source Files</Filter>
    </ClCompile>
    <ClCompile Include="ship_type.cpp">
      <Filter>Source Files</Filter>
    </ClCompile>
    <ClCompile Include="ship.cpp">
      <Filter>Source Files</Filter>
    </ClCompile>
    <ClCompile Include="pellet.cpp">
      <Filter>Source Files</Filter>
    </ClCompile>
    <ClCompile Include="pellet_type.cpp">
      <Filter>Source Files</Filter>
    </ClCompile>
    <ClCompile Include="init.cpp">
      <Filter>Source Files</Filter>
    </ClCompile>
    <ClCompile Include="parallel.cpp">
      <Filter>Source Files</Filter>
    </ClCompile>
  </ItemGroup>
  <ItemGroup>
    <ClInclude Include="const.h">
      <Filter>Header Files</Filter>
    </ClInclude>
    <ClInclude Include="element.h">
      <Filter>Header Files</Filter>
    </ClInclude>
    <ClInclude Include="enemy.h">
      <Filter>Header Files</Filter>
    </ClInclude>
    <ClInclude Include="enemy_type.h">
      <Filter>Header Files</Filter>
    </ClInclude>
    <ClInclude Include="hitbox.h">
      <Filter>Header Files</Filter>
    </ClInclude>
    <ClInclude Include="leader.h">
      <Filter>Header Files</Filter>
    </ClInclude>
    <ClInclude Include="mob.h">
      <Filter>Header Files</Filter>
    </ClInclude>
    <ClInclude Include="pikmin.h">
      <Filter>Header Files</Filter>
    </ClInclude>
    <ClInclude Include="pikmin_type.h">
      <Filter>Header Files</Filter>
    </ClInclude>
    <ClInclude Include="status.h">
      <Filter>Header Files</Filter>
    </ClInclude>
    <ClInclude Include="vars.h">
      <Filter>Header Files</Filter>
    </ClInclude>
    <ClInclude Include="functions.h">
      <Filter>Header Files</Filter>
    </ClInclude>
    <ClInclude Include="particle.h">
      <Filter>Header Files</Filter>
    </ClInclude>
    <ClInclude Include="sector.h">
      <Filter>Header Files</Filter>
    </ClInclude>
    <ClInclude Include="spray_type.h">
      <Filter>Header Files</Filter>
    </ClInclude>
    <ClInclude Include="animation.h">
      <Filter>Header Files</Filter>
    </ClInclude>
    <ClInclude Include="treasure.h">
      <Filter>Header Files</Filter>
    </ClInclude>
    <ClInclude Include="controls.h">
      <Filter>Header Files</Filter>
    </ClInclude>
    <ClInclude Include="logic.h">
      <Filter>Header Files</Filter>
    </ClInclude>
    <ClInclude Include="drawing.h">
      <Filter>Header Files</Filter>
    </ClInclude>
    <ClInclude Include="data_file.h">
      <Filter>Header Files</Filter>
    </ClInclude>
    <ClInclude Include="spec_objs\nectar.h">
      <Filter>Header Files\spec_mobs</Filter>
    </ClInclude>
    <ClInclude Include="spec_objs\info_spot.h">
      <Filter>Header Files\spec_mobs</Filter>
    </ClInclude>
    <ClInclude Include="pellet_type.h">
      <Filter>Header Files</Filter>
    </ClInclude>
    <ClInclude Include="misc_structs.h">
      <Filter>Header Files</Filter>
    </ClInclude>
    <ClInclude Include="area_editor.h">
      <Filter>Header Files</Filter>
    </ClInclude>
    <ClInclude Include="weather.h">
      <Filter>Header Files</Filter>
    </ClInclude>
    <ClInclude Include="interval.h">
      <Filter>Header Files</Filter>
    </ClInclude>
    <ClInclude Include="mob_event.h">
      <Filter>Header Files</Filter>
    </ClInclude>
    <ClInclude Include="mob_type.h">
      <Filter>Header Files</Filter>
    </ClInclude>
    <ClInclude Include="treasure_type.h">
      <Filter>Header Files</Filter>
    </ClInclude>
    <ClInclude Include="leader_type.h">
      <Filter>Header Files</Filter>
    </ClInclude>
    <ClInclude Include="onion_type.h">
      <Filter>Header Files</Filter>
    </ClInclude>
    <ClInclude Include="LAFI\button.h">
      <Filter>Header Files\LAFI</Filter>
    </ClInclude>
    <ClInclude Include="LAFI\checkbox.h">
      <Filter>Header Files\LAFI</Filter>
    </ClInclude>
    <ClInclude Include="LAFI\const.h">
      <Filter>Header Files\LAFI</Filter>
    </ClInclude>
    <ClInclude Include="LAFI\frame.h">
      <Filter>Header Files\LAFI</Filter>
    </ClInclude>
    <ClInclude Include="LAFI\gui.h">
      <Filter>Header Files\LAFI</Filter>
    </ClInclude>
    <ClInclude Include="LAFI\label.h">
      <Filter>Header Files\LAFI</Filter>
    </ClInclude>
    <ClInclude Include="LAFI\radio_button.h">
      <Filter>Header Files\LAFI</Filter>
    </ClInclude>
    <ClInclude Include="LAFI\scrollbar.h">
      <Filter>Header Files\LAFI</Filter>
    </ClInclude>
    <ClInclude Include="LAFI\style.h">
      <Filter>Header Files\LAFI</Filter>
    </ClInclude>
    <ClInclude Include="LAFI\textbox.h">
      <Filter>Header Files\LAFI</Filter>
    </ClInclude>
    <ClInclude Include="LAFI\widget.h">
      <Filter>Header Files\LAFI</Filter>
    </ClInclude>
    <ClInclude Include="resource.h">
      <Filter>Header Files</Filter>
    </ClInclude>
    <ClInclude Include="LAFI\minor.h">
      <Filter>Header Files\LAFI</Filter>
    </ClInclude>
    <ClInclude Include="LAFI\angle_picker.h">
      <Filter>Header Files\LAFI</Filter>
    </ClInclude>
    <ClInclude Include="onion.h">
      <Filter>Header Files</Filter>
    </ClInclude>
    <ClInclude Include="ship_type.h">
      <Filter>Header Files</Filter>
    </ClInclude>
    <ClInclude Include="ship.h">
      <Filter>Header Files</Filter>
    </ClInclude>
    <ClInclude Include="pellet.h">
      <Filter>Header Files</Filter>
    </ClInclude>
    <ClInclude Include="animation_editor.h">
      <Filter>Header Files</Filter>
    </ClInclude>
    <ClInclude Include="init.h">
      <Filter>Header Files</Filter>
    </ClInclude>
    <ClInclude Include="parallel.h">
      <Filter>Header Files</Filter>
    </ClInclude>
  </ItemGroup>
  <ItemGroup>
    <ResourceCompile Include="Pikmin_fangame_engine.rc">
      <Filter>Resource Files</Filter>
    </ResourceCompile>
  </ItemGroup>
  <ItemGroup>
    <None Include="Icon.ico">
      <Filter>Resource Files</Filter>
    </None>
  </ItemGroup>
</Project>