<?xml version="1.0" encoding="utf-8"?>
<Project ToolsVersion="4.0" xmlns="http://schemas.microsoft.com/developer/msbuild/2003">
  <ItemGroup>
    <Filter Include="Source Files">
      <UniqueIdentifier>{4FC737F1-C7A5-4376-A066-2A32D752A2FF}</UniqueIdentifier>
      <Extensions>cpp;c;cc;cxx;def;odl;idl;hpj;bat;asm;asmx</Extensions>
    </Filter>
    <Filter Include="Header Files">
      <UniqueIdentifier>{93995380-89BD-4b04-88EB-625FBE52EBFB}</UniqueIdentifier>
      <Extensions>h;hh;hpp;hxx;hm;inl;inc;ipp;xsd</Extensions>
    </Filter>
    <Filter Include="Resource Files">
      <UniqueIdentifier>{67DA6AB6-F800-4c08-8B7A-83BB121AAD01}</UniqueIdentifier>
      <Extensions>rc;ico;cur;bmp;dlg;rc2;rct;bin;rgs;gif;jpg;jpeg;jpe;resx;tiff;tif;png;wav;mfcribbon-ms</Extensions>
    </Filter>
    <Filter Include="Header Files\mob_categories">
      <UniqueIdentifier>{906d8334-4470-472f-a044-8aa67f3b7549}</UniqueIdentifier>
    </Filter>
    <Filter Include="Header Files\mob_fsms">
      <UniqueIdentifier>{d4af4dfe-ca5b-4c62-a66e-c6a5c775cbc2}</UniqueIdentifier>
    </Filter>
    <Filter Include="Header Files\mobs">
      <UniqueIdentifier>{9d51682c-cb8a-4425-84f3-fc24c5f77c90}</UniqueIdentifier>
    </Filter>
    <Filter Include="Header Files\mob_types">
      <UniqueIdentifier>{f3c1b54b-731a-411e-b1c5-a843b0f3ea58}</UniqueIdentifier>
    </Filter>
    <Filter Include="Header Files\utils">
      <UniqueIdentifier>{1fde66a3-a8a7-4701-a151-af661b9d18ca}</UniqueIdentifier>
    </Filter>
    <Filter Include="Source Files\editors">
      <UniqueIdentifier>{50162837-2d1a-4d43-9720-c1091abfa5c4}</UniqueIdentifier>
    </Filter>
    <Filter Include="Source Files\mob_categories">
      <UniqueIdentifier>{c7e82f34-e7ac-4b97-a7f8-2fdc0e7ccbf5}</UniqueIdentifier>
    </Filter>
    <Filter Include="Source Files\mob_fsms">
      <UniqueIdentifier>{005cd81a-c74c-439a-b6ca-51ad09d7a8e9}</UniqueIdentifier>
    </Filter>
    <Filter Include="Source Files\mobs">
      <UniqueIdentifier>{c5491cbb-670e-4d92-be07-9f349cee79ad}</UniqueIdentifier>
    </Filter>
    <Filter Include="Source Files\mob_types">
      <UniqueIdentifier>{69639323-68bc-4d2d-bf23-062e844e526d}</UniqueIdentifier>
    </Filter>
    <Filter Include="Source Files\utils">
      <UniqueIdentifier>{4f6a75e4-d7b2-4167-b6d3-3364d424a4e1}</UniqueIdentifier>
    </Filter>
    <Filter Include="Header Files\imgui">
      <UniqueIdentifier>{52b2f606-563c-49ac-9a02-659db7bb88a8}</UniqueIdentifier>
    </Filter>
    <Filter Include="Source Files\imgui">
      <UniqueIdentifier>{1b0037dc-6d06-49d9-be94-65c326ca8fca}</UniqueIdentifier>
    </Filter>
    <Filter Include="Source Files\game_states">
      <UniqueIdentifier>{ef0e25fc-7219-4bbe-bc2a-53613613ac2f}</UniqueIdentifier>
    </Filter>
    <Filter Include="Source Files\game_states\animation_editor">
      <UniqueIdentifier>{0c8bb57f-b61f-416f-9dfa-f06e026e09d0}</UniqueIdentifier>
    </Filter>
    <Filter Include="Source Files\game_states\area_editor">
      <UniqueIdentifier>{bc32e712-39c3-427c-882a-8ea49fde1b86}</UniqueIdentifier>
    </Filter>
    <Filter Include="Source Files\game_states\gameplay">
      <UniqueIdentifier>{286ceb60-6a2b-4eab-92ef-1c399c0f8e7a}</UniqueIdentifier>
    </Filter>
    <Filter Include="Header Files\game_states">
      <UniqueIdentifier>{6b4ac33c-7304-4a44-ace5-ff7e4644f91b}</UniqueIdentifier>
    </Filter>
    <Filter Include="Header Files\editors">
      <UniqueIdentifier>{8aa2f22b-e9f4-4ba2-9219-0534e3397224}</UniqueIdentifier>
    </Filter>
    <Filter Include="Header Files\editors\animation_editor">
      <UniqueIdentifier>{1197949b-2406-48d8-b5fc-7445adeed86a}</UniqueIdentifier>
    </Filter>
    <Filter Include="Header Files\editors\area_editor">
      <UniqueIdentifier>{474be91e-8a30-415d-8c50-66d7d5ffd30c}</UniqueIdentifier>
    </Filter>
    <Filter Include="Header Files\game_states\animation_editor">
      <UniqueIdentifier>{f1eb4a33-9b0d-428c-a7cf-032819a008e3}</UniqueIdentifier>
    </Filter>
    <Filter Include="Header Files\game_states\area_editor">
      <UniqueIdentifier>{fd315140-4010-4748-a1ce-16e0008b8473}</UniqueIdentifier>
    </Filter>
    <Filter Include="Header Files\game_states\gameplay">
      <UniqueIdentifier>{1e382ce0-3845-4593-8caa-a2fddf432c60}</UniqueIdentifier>
    </Filter>
  </ItemGroup>
  <ItemGroup>
    <None Include="packages.config" />
  </ItemGroup>
  <ItemGroup>
    <ClInclude Include="..\source\mob_categories\bridge_category.h">
      <Filter>Header Files\mob_categories</Filter>
    </ClInclude>
    <ClInclude Include="..\source\mob_categories\converter_category.h">
      <Filter>Header Files\mob_categories</Filter>
    </ClInclude>
    <ClInclude Include="..\source\mob_categories\custom_category.h">
      <Filter>Header Files\mob_categories</Filter>
    </ClInclude>
    <ClInclude Include="..\source\mob_categories\decoration_category.h">
      <Filter>Header Files\mob_categories</Filter>
    </ClInclude>
    <ClInclude Include="..\source\mob_categories\drop_category.h">
      <Filter>Header Files\mob_categories</Filter>
    </ClInclude>
    <ClInclude Include="..\source\mob_categories\enemy_category.h">
      <Filter>Header Files\mob_categories</Filter>
    </ClInclude>
    <ClInclude Include="..\source\mob_categories\interactable_category.h">
      <Filter>Header Files\mob_categories</Filter>
    </ClInclude>
    <ClInclude Include="..\source\mob_categories\leader_category.h">
      <Filter>Header Files\mob_categories</Filter>
    </ClInclude>
    <ClInclude Include="..\source\mob_categories\mob_category.h">
      <Filter>Header Files\mob_categories</Filter>
    </ClInclude>
    <ClInclude Include="..\source\mob_categories\onion_category.h">
      <Filter>Header Files\mob_categories</Filter>
    </ClInclude>
    <ClInclude Include="..\source\mob_categories\pellet_category.h">
      <Filter>Header Files\mob_categories</Filter>
    </ClInclude>
    <ClInclude Include="..\source\mob_categories\pikmin_category.h">
      <Filter>Header Files\mob_categories</Filter>
    </ClInclude>
    <ClInclude Include="..\source\mob_categories\pile_category.h">
      <Filter>Header Files\mob_categories</Filter>
    </ClInclude>
    <ClInclude Include="..\source\mob_categories\resource_category.h">
      <Filter>Header Files\mob_categories</Filter>
    </ClInclude>
    <ClInclude Include="..\source\mob_categories\ship_category.h">
      <Filter>Header Files\mob_categories</Filter>
    </ClInclude>
    <ClInclude Include="..\source\mob_categories\tool_category.h">
      <Filter>Header Files\mob_categories</Filter>
    </ClInclude>
    <ClInclude Include="..\source\mob_categories\treasure_category.h">
      <Filter>Header Files\mob_categories</Filter>
    </ClInclude>
    <ClInclude Include="..\source\mob_fsms\bridge_fsm.h">
      <Filter>Header Files\mob_fsms</Filter>
    </ClInclude>
    <ClInclude Include="..\source\mob_fsms\converter_fsm.h">
      <Filter>Header Files\mob_fsms</Filter>
    </ClInclude>
    <ClInclude Include="..\source\mob_fsms\decoration_fsm.h">
      <Filter>Header Files\mob_fsms</Filter>
    </ClInclude>
    <ClInclude Include="..\source\mob_fsms\drop_fsm.h">
      <Filter>Header Files\mob_fsms</Filter>
    </ClInclude>
    <ClInclude Include="..\source\mob_fsms\gen_mob_fsm.h">
      <Filter>Header Files\mob_fsms</Filter>
    </ClInclude>
    <ClInclude Include="..\source\mob_fsms\leader_fsm.h">
      <Filter>Header Files\mob_fsms</Filter>
    </ClInclude>
    <ClInclude Include="..\source\mob_fsms\onion_fsm.h">
      <Filter>Header Files\mob_fsms</Filter>
    </ClInclude>
    <ClInclude Include="..\source\mob_fsms\pellet_fsm.h">
      <Filter>Header Files\mob_fsms</Filter>
    </ClInclude>
    <ClInclude Include="..\source\mob_fsms\pikmin_fsm.h">
      <Filter>Header Files\mob_fsms</Filter>
    </ClInclude>
    <ClInclude Include="..\source\mob_fsms\pile_fsm.h">
      <Filter>Header Files\mob_fsms</Filter>
    </ClInclude>
    <ClInclude Include="..\source\mob_fsms\resource_fsm.h">
      <Filter>Header Files\mob_fsms</Filter>
    </ClInclude>
    <ClInclude Include="..\source\mob_fsms\ship_fsm.h">
      <Filter>Header Files\mob_fsms</Filter>
    </ClInclude>
    <ClInclude Include="..\source\mob_fsms\treasure_fsm.h">
      <Filter>Header Files\mob_fsms</Filter>
    </ClInclude>
    <ClInclude Include="..\source\mobs\bridge.h">
      <Filter>Header Files\mobs</Filter>
    </ClInclude>
    <ClInclude Include="..\source\mobs\converter.h">
      <Filter>Header Files\mobs</Filter>
    </ClInclude>
    <ClInclude Include="..\source\mobs\decoration.h">
      <Filter>Header Files\mobs</Filter>
    </ClInclude>
    <ClInclude Include="..\source\mobs\drop.h">
      <Filter>Header Files\mobs</Filter>
    </ClInclude>
    <ClInclude Include="..\source\mobs\enemy.h">
      <Filter>Header Files\mobs</Filter>
    </ClInclude>
    <ClInclude Include="..\source\mobs\interactable.h">
      <Filter>Header Files\mobs</Filter>
    </ClInclude>
    <ClInclude Include="..\source\mobs\leader.h">
      <Filter>Header Files\mobs</Filter>
    </ClInclude>
    <ClInclude Include="..\source\mobs\mob.h">
      <Filter>Header Files\mobs</Filter>
    </ClInclude>
    <ClInclude Include="..\source\mobs\mob_utils.h">
      <Filter>Header Files\mobs</Filter>
    </ClInclude>
    <ClInclude Include="..\source\mobs\onion.h">
      <Filter>Header Files\mobs</Filter>
    </ClInclude>
    <ClInclude Include="..\source\mobs\pellet.h">
      <Filter>Header Files\mobs</Filter>
    </ClInclude>
    <ClInclude Include="..\source\mobs\pikmin.h">
      <Filter>Header Files\mobs</Filter>
    </ClInclude>
    <ClInclude Include="..\source\mobs\pile.h">
      <Filter>Header Files\mobs</Filter>
    </ClInclude>
    <ClInclude Include="..\source\mobs\resource.h">
      <Filter>Header Files\mobs</Filter>
    </ClInclude>
    <ClInclude Include="..\source\mobs\ship.h">
      <Filter>Header Files\mobs</Filter>
    </ClInclude>
    <ClInclude Include="..\source\mobs\tool.h">
      <Filter>Header Files\mobs</Filter>
    </ClInclude>
    <ClInclude Include="..\source\mobs\treasure.h">
      <Filter>Header Files\mobs</Filter>
    </ClInclude>
    <ClInclude Include="..\source\mob_types\bridge_type.h">
      <Filter>Header Files\mob_types</Filter>
    </ClInclude>
    <ClInclude Include="..\source\mob_types\converter_type.h">
      <Filter>Header Files\mob_types</Filter>
    </ClInclude>
    <ClInclude Include="..\source\mob_types\decoration_type.h">
      <Filter>Header Files\mob_types</Filter>
    </ClInclude>
    <ClInclude Include="..\source\mob_types\drop_type.h">
      <Filter>Header Files\mob_types</Filter>
    </ClInclude>
    <ClInclude Include="..\source\mob_types\enemy_type.h">
      <Filter>Header Files\mob_types</Filter>
    </ClInclude>
    <ClInclude Include="..\source\mob_types\interactable_type.h">
      <Filter>Header Files\mob_types</Filter>
    </ClInclude>
    <ClInclude Include="..\source\mob_types\leader_type.h">
      <Filter>Header Files\mob_types</Filter>
    </ClInclude>
    <ClInclude Include="..\source\mob_types\mob_type.h">
      <Filter>Header Files\mob_types</Filter>
    </ClInclude>
    <ClInclude Include="..\source\mob_types\onion_type.h">
      <Filter>Header Files\mob_types</Filter>
    </ClInclude>
    <ClInclude Include="..\source\mob_types\pellet_type.h">
      <Filter>Header Files\mob_types</Filter>
    </ClInclude>
    <ClInclude Include="..\source\mob_types\pikmin_type.h">
      <Filter>Header Files\mob_types</Filter>
    </ClInclude>
    <ClInclude Include="..\source\mob_types\pile_type.h">
      <Filter>Header Files\mob_types</Filter>
    </ClInclude>
    <ClInclude Include="..\source\mob_types\resource_type.h">
      <Filter>Header Files\mob_types</Filter>
    </ClInclude>
    <ClInclude Include="..\source\mob_types\ship_type.h">
      <Filter>Header Files\mob_types</Filter>
    </ClInclude>
    <ClInclude Include="..\source\mob_types\tool_type.h">
      <Filter>Header Files\mob_types</Filter>
    </ClInclude>
    <ClInclude Include="..\source\mob_types\treasure_type.h">
      <Filter>Header Files\mob_types</Filter>
    </ClInclude>
    <ClInclude Include="..\source\utils\geometry_utils.h">
      <Filter>Header Files\utils</Filter>
    </ClInclude>
    <ClInclude Include="..\source\utils\math_utils.h">
      <Filter>Header Files\utils</Filter>
    </ClInclude>
    <ClInclude Include="..\source\utils\string_utils.h">
      <Filter>Header Files\utils</Filter>
    </ClInclude>
    <ClInclude Include="..\source\animation.h">
      <Filter>Header Files</Filter>
    </ClInclude>
    <ClInclude Include="..\source\const.h">
      <Filter>Header Files</Filter>
    </ClInclude>
    <ClInclude Include="..\source\controls.h">
      <Filter>Header Files</Filter>
    </ClInclude>
    <ClInclude Include="..\source\drawing.h">
      <Filter>Header Files</Filter>
    </ClInclude>
    <ClInclude Include="..\source\functions.h">
      <Filter>Header Files</Filter>
    </ClInclude>
    <ClInclude Include="..\source\hazard.h">
      <Filter>Header Files</Filter>
    </ClInclude>
    <ClInclude Include="..\source\hitbox.h">
      <Filter>Header Files</Filter>
    </ClInclude>
    <ClInclude Include="..\source\init.h">
      <Filter>Header Files</Filter>
    </ClInclude>
    <ClInclude Include="..\source\liquid.h">
      <Filter>Header Files</Filter>
    </ClInclude>
    <ClInclude Include="..\source\load.h">
      <Filter>Header Files</Filter>
    </ClInclude>
    <ClInclude Include="..\source\misc_structs.h">
      <Filter>Header Files</Filter>
    </ClInclude>
    <ClInclude Include="..\source\mob_script.h">
      <Filter>Header Files</Filter>
    </ClInclude>
    <ClInclude Include="..\source\particle.h">
      <Filter>Header Files</Filter>
    </ClInclude>
    <ClInclude Include="..\source\replay.h">
      <Filter>Header Files</Filter>
    </ClInclude>
    <ClInclude Include="..\source\resource.h">
      <Filter>Header Files</Filter>
    </ClInclude>
    <ClInclude Include="..\source\sector.h">
      <Filter>Header Files</Filter>
    </ClInclude>
    <ClInclude Include="..\source\spray_type.h">
      <Filter>Header Files</Filter>
    </ClInclude>
    <ClInclude Include="..\source\status.h">
      <Filter>Header Files</Filter>
    </ClInclude>
    <ClInclude Include="..\source\weather.h">
      <Filter>Header Files</Filter>
    </ClInclude>
    <ClInclude Include="..\source\world_component.h">
      <Filter>Header Files</Filter>
    </ClInclude>
    <ClInclude Include="resource1.h">
      <Filter>Header Files</Filter>
    </ClInclude>
    <ClInclude Include="..\source\mob_categories\bouncer_category.h">
      <Filter>Header Files\mob_categories</Filter>
    </ClInclude>
    <ClInclude Include="..\source\mob_categories\group_task_category.h">
      <Filter>Header Files\mob_categories</Filter>
    </ClInclude>
    <ClInclude Include="..\source\mob_categories\scale_category.h">
      <Filter>Header Files\mob_categories</Filter>
    </ClInclude>
    <ClInclude Include="..\source\mob_categories\track_category.h">
      <Filter>Header Files\mob_categories</Filter>
    </ClInclude>
    <ClInclude Include="..\source\mob_fsms\bouncer_fsm.h">
      <Filter>Header Files\mob_fsms</Filter>
    </ClInclude>
    <ClInclude Include="..\source\mob_fsms\track_fsm.h">
      <Filter>Header Files\mob_fsms</Filter>
    </ClInclude>
    <ClInclude Include="..\source\mob_types\bouncer_type.h">
      <Filter>Header Files\mob_types</Filter>
    </ClInclude>
    <ClInclude Include="..\source\mob_types\group_task_type.h">
      <Filter>Header Files\mob_types</Filter>
    </ClInclude>
    <ClInclude Include="..\source\mob_types\scale_type.h">
      <Filter>Header Files\mob_types</Filter>
    </ClInclude>
    <ClInclude Include="..\source\mob_types\track_type.h">
      <Filter>Header Files\mob_types</Filter>
    </ClInclude>
    <ClInclude Include="..\source\mobs\bouncer.h">
      <Filter>Header Files\mobs</Filter>
    </ClInclude>
    <ClInclude Include="..\source\mobs\group_task.h">
      <Filter>Header Files\mobs</Filter>
    </ClInclude>
    <ClInclude Include="..\source\mobs\scale.h">
      <Filter>Header Files\mobs</Filter>
    </ClInclude>
    <ClInclude Include="..\source\mobs\track.h">
      <Filter>Header Files\mobs</Filter>
    </ClInclude>
    <ClInclude Include="..\source\mob_script_action.h">
      <Filter>Header Files</Filter>
    </ClInclude>
    <ClInclude Include="..\source\utils\backtrace.h">
      <Filter>Header Files\utils</Filter>
    </ClInclude>
    <ClInclude Include="..\source\utils\code_debug.h">
      <Filter>Header Files\utils</Filter>
    </ClInclude>
    <ClInclude Include="..\source\utils\data_file.h">
      <Filter>Header Files\utils</Filter>
    </ClInclude>
    <ClInclude Include="..\source\game.h">
      <Filter>Header Files</Filter>
    </ClInclude>
    <ClInclude Include="..\source\game_config.h">
      <Filter>Header Files</Filter>
    </ClInclude>
    <ClInclude Include="..\source\imgui\imconfig.h">
      <Filter>Header Files\imgui</Filter>
    </ClInclude>
    <ClInclude Include="..\source\imgui\imgui.h">
      <Filter>Header Files\imgui</Filter>
    </ClInclude>
    <ClInclude Include="..\source\imgui\imgui_impl_allegro5.h">
      <Filter>Header Files\imgui</Filter>
    </ClInclude>
    <ClInclude Include="..\source\imgui\imgui_internal.h">
      <Filter>Header Files\imgui</Filter>
    </ClInclude>
    <ClInclude Include="..\source\imgui\imgui_stdlib.h">
      <Filter>Header Files\imgui</Filter>
    </ClInclude>
    <ClInclude Include="..\source\imgui\imstb_rectpack.h">
      <Filter>Header Files\imgui</Filter>
    </ClInclude>
    <ClInclude Include="..\source\imgui\imstb_textedit.h">
      <Filter>Header Files\imgui</Filter>
    </ClInclude>
    <ClInclude Include="..\source\imgui\imstb_truetype.h">
      <Filter>Header Files\imgui</Filter>
    </ClInclude>
    <ClInclude Include="..\source\options.h">
      <Filter>Header Files</Filter>
    </ClInclude>
    <ClInclude Include="..\source\utils\imgui_utils.h">
      <Filter>Header Files\utils</Filter>
    </ClInclude>
    <ClInclude Include="..\source\gui.h">
      <Filter>Header Files</Filter>
    </ClInclude>
    <ClInclude Include="..\source\game_states\animation_editor\editor.h">
      <Filter>Header Files\game_states\animation_editor</Filter>
    </ClInclude>
    <ClInclude Include="..\source\game_states\area_editor\editor.h">
      <Filter>Header Files\game_states\area_editor</Filter>
    </ClInclude>
    <ClInclude Include="..\source\game_states\gameplay\gameplay.h">
      <Filter>Header Files\game_states\gameplay</Filter>
    </ClInclude>
    <ClInclude Include="..\source\game_states\editor.h">
      <Filter>Header Files\game_states</Filter>
    </ClInclude>
    <ClInclude Include="..\source\game_states\game_state.h">
      <Filter>Header Files\game_states</Filter>
    </ClInclude>
    <ClInclude Include="..\source\game_states\menus.h">
      <Filter>Header Files\game_states</Filter>
    </ClInclude>
    <ClInclude Include="..\source\game_states\results.h">
      <Filter>Header Files\game_states</Filter>
    </ClInclude>
  </ItemGroup>
  <ItemGroup>
    <ClCompile Include="..\source\mob_categories\bridge_category.cpp">
      <Filter>Source Files\mob_categories</Filter>
    </ClCompile>
    <ClCompile Include="..\source\mob_categories\converter_category.cpp">
      <Filter>Source Files\mob_categories</Filter>
    </ClCompile>
    <ClCompile Include="..\source\mob_categories\custom_category.cpp">
      <Filter>Source Files\mob_categories</Filter>
    </ClCompile>
    <ClCompile Include="..\source\mob_categories\decoration_category.cpp">
      <Filter>Source Files\mob_categories</Filter>
    </ClCompile>
    <ClCompile Include="..\source\mob_categories\drop_category.cpp">
      <Filter>Source Files\mob_categories</Filter>
    </ClCompile>
    <ClCompile Include="..\source\mob_categories\enemy_category.cpp">
      <Filter>Source Files\mob_categories</Filter>
    </ClCompile>
    <ClCompile Include="..\source\mob_categories\interactable_category.cpp">
      <Filter>Source Files\mob_categories</Filter>
    </ClCompile>
    <ClCompile Include="..\source\mob_categories\leader_category.cpp">
      <Filter>Source Files\mob_categories</Filter>
    </ClCompile>
    <ClCompile Include="..\source\mob_categories\mob_category.cpp">
      <Filter>Source Files\mob_categories</Filter>
    </ClCompile>
    <ClCompile Include="..\source\mob_categories\onion_category.cpp">
      <Filter>Source Files\mob_categories</Filter>
    </ClCompile>
    <ClCompile Include="..\source\mob_categories\pellet_category.cpp">
      <Filter>Source Files\mob_categories</Filter>
    </ClCompile>
    <ClCompile Include="..\source\mob_categories\pikmin_category.cpp">
      <Filter>Source Files\mob_categories</Filter>
    </ClCompile>
    <ClCompile Include="..\source\mob_categories\pile_category.cpp">
      <Filter>Source Files\mob_categories</Filter>
    </ClCompile>
    <ClCompile Include="..\source\mob_categories\resource_category.cpp">
      <Filter>Source Files\mob_categories</Filter>
    </ClCompile>
    <ClCompile Include="..\source\mob_categories\ship_category.cpp">
      <Filter>Source Files\mob_categories</Filter>
    </ClCompile>
    <ClCompile Include="..\source\mob_categories\tool_category.cpp">
      <Filter>Source Files\mob_categories</Filter>
    </ClCompile>
    <ClCompile Include="..\source\mob_categories\treasure_category.cpp">
      <Filter>Source Files\mob_categories</Filter>
    </ClCompile>
    <ClCompile Include="..\source\mob_fsms\bridge_fsm.cpp">
      <Filter>Source Files\mob_fsms</Filter>
    </ClCompile>
    <ClCompile Include="..\source\mob_fsms\converter_fsm.cpp">
      <Filter>Source Files\mob_fsms</Filter>
    </ClCompile>
    <ClCompile Include="..\source\mob_fsms\decoration_fsm.cpp">
      <Filter>Source Files\mob_fsms</Filter>
    </ClCompile>
    <ClCompile Include="..\source\mob_fsms\drop_fsm.cpp">
      <Filter>Source Files\mob_fsms</Filter>
    </ClCompile>
    <ClCompile Include="..\source\mob_fsms\gen_mob_fsm.cpp">
      <Filter>Source Files\mob_fsms</Filter>
    </ClCompile>
    <ClCompile Include="..\source\mob_fsms\leader_fsm.cpp">
      <Filter>Source Files\mob_fsms</Filter>
    </ClCompile>
    <ClCompile Include="..\source\mob_fsms\onion_fsm.cpp">
      <Filter>Source Files\mob_fsms</Filter>
    </ClCompile>
    <ClCompile Include="..\source\mob_fsms\pellet_fsm.cpp">
      <Filter>Source Files\mob_fsms</Filter>
    </ClCompile>
    <ClCompile Include="..\source\mob_fsms\pikmin_fsm.cpp">
      <Filter>Source Files\mob_fsms</Filter>
    </ClCompile>
    <ClCompile Include="..\source\mob_fsms\pile_fsm.cpp">
      <Filter>Source Files\mob_fsms</Filter>
    </ClCompile>
    <ClCompile Include="..\source\mob_fsms\resource_fsm.cpp">
      <Filter>Source Files\mob_fsms</Filter>
    </ClCompile>
    <ClCompile Include="..\source\mob_fsms\ship_fsm.cpp">
      <Filter>Source Files\mob_fsms</Filter>
    </ClCompile>
    <ClCompile Include="..\source\mob_fsms\treasure_fsm.cpp">
      <Filter>Source Files\mob_fsms</Filter>
    </ClCompile>
    <ClCompile Include="..\source\mobs\bridge.cpp">
      <Filter>Source Files\mobs</Filter>
    </ClCompile>
    <ClCompile Include="..\source\mobs\converter.cpp">
      <Filter>Source Files\mobs</Filter>
    </ClCompile>
    <ClCompile Include="..\source\mobs\decoration.cpp">
      <Filter>Source Files\mobs</Filter>
    </ClCompile>
    <ClCompile Include="..\source\mobs\drop.cpp">
      <Filter>Source Files\mobs</Filter>
    </ClCompile>
    <ClCompile Include="..\source\mobs\enemy.cpp">
      <Filter>Source Files\mobs</Filter>
    </ClCompile>
    <ClCompile Include="..\source\mobs\interactable.cpp">
      <Filter>Source Files\mobs</Filter>
    </ClCompile>
    <ClCompile Include="..\source\mobs\leader.cpp">
      <Filter>Source Files\mobs</Filter>
    </ClCompile>
    <ClCompile Include="..\source\mobs\mob.cpp">
      <Filter>Source Files\mobs</Filter>
    </ClCompile>
    <ClCompile Include="..\source\mobs\mob_utils.cpp">
      <Filter>Source Files\mobs</Filter>
    </ClCompile>
    <ClCompile Include="..\source\mobs\onion.cpp">
      <Filter>Source Files\mobs</Filter>
    </ClCompile>
    <ClCompile Include="..\source\mobs\pellet.cpp">
      <Filter>Source Files\mobs</Filter>
    </ClCompile>
    <ClCompile Include="..\source\mobs\pikmin.cpp">
      <Filter>Source Files\mobs</Filter>
    </ClCompile>
    <ClCompile Include="..\source\mobs\pile.cpp">
      <Filter>Source Files\mobs</Filter>
    </ClCompile>
    <ClCompile Include="..\source\mobs\resource.cpp">
      <Filter>Source Files\mobs</Filter>
    </ClCompile>
    <ClCompile Include="..\source\mobs\ship.cpp">
      <Filter>Source Files\mobs</Filter>
    </ClCompile>
    <ClCompile Include="..\source\mobs\tool.cpp">
      <Filter>Source Files\mobs</Filter>
    </ClCompile>
    <ClCompile Include="..\source\mobs\treasure.cpp">
      <Filter>Source Files\mobs</Filter>
    </ClCompile>
    <ClCompile Include="..\source\mob_types\bridge_type.cpp">
      <Filter>Source Files\mob_types</Filter>
    </ClCompile>
    <ClCompile Include="..\source\mob_types\converter_type.cpp">
      <Filter>Source Files\mob_types</Filter>
    </ClCompile>
    <ClCompile Include="..\source\mob_types\decoration_type.cpp">
      <Filter>Source Files\mob_types</Filter>
    </ClCompile>
    <ClCompile Include="..\source\mob_types\drop_type.cpp">
      <Filter>Source Files\mob_types</Filter>
    </ClCompile>
    <ClCompile Include="..\source\mob_types\enemy_type.cpp">
      <Filter>Source Files\mob_types</Filter>
    </ClCompile>
    <ClCompile Include="..\source\mob_types\interactable_type.cpp">
      <Filter>Source Files\mob_types</Filter>
    </ClCompile>
    <ClCompile Include="..\source\mob_types\leader_type.cpp">
      <Filter>Source Files\mob_types</Filter>
    </ClCompile>
    <ClCompile Include="..\source\mob_types\mob_type.cpp">
      <Filter>Source Files\mob_types</Filter>
    </ClCompile>
    <ClCompile Include="..\source\mob_types\onion_type.cpp">
      <Filter>Source Files\mob_types</Filter>
    </ClCompile>
    <ClCompile Include="..\source\mob_types\pellet_type.cpp">
      <Filter>Source Files\mob_types</Filter>
    </ClCompile>
    <ClCompile Include="..\source\mob_types\pikmin_type.cpp">
      <Filter>Source Files\mob_types</Filter>
    </ClCompile>
    <ClCompile Include="..\source\mob_types\pile_type.cpp">
      <Filter>Source Files\mob_types</Filter>
    </ClCompile>
    <ClCompile Include="..\source\mob_types\resource_type.cpp">
      <Filter>Source Files\mob_types</Filter>
    </ClCompile>
    <ClCompile Include="..\source\mob_types\ship_type.cpp">
      <Filter>Source Files\mob_types</Filter>
    </ClCompile>
    <ClCompile Include="..\source\mob_types\tool_type.cpp">
      <Filter>Source Files\mob_types</Filter>
    </ClCompile>
    <ClCompile Include="..\source\mob_types\treasure_type.cpp">
      <Filter>Source Files\mob_types</Filter>
    </ClCompile>
    <ClCompile Include="..\source\utils\geometry_utils.cpp">
      <Filter>Source Files\utils</Filter>
    </ClCompile>
    <ClCompile Include="..\source\utils\math_utils.cpp">
      <Filter>Source Files\utils</Filter>
    </ClCompile>
    <ClCompile Include="..\source\utils\string_utils.cpp">
      <Filter>Source Files\utils</Filter>
    </ClCompile>
    <ClCompile Include="..\source\animation.cpp">
      <Filter>Source Files</Filter>
    </ClCompile>
    <ClCompile Include="..\source\controls.cpp">
      <Filter>Source Files</Filter>
    </ClCompile>
    <ClCompile Include="..\source\drawing.cpp">
      <Filter>Source Files</Filter>
    </ClCompile>
    <ClCompile Include="..\source\functions.cpp">
      <Filter>Source Files</Filter>
    </ClCompile>
    <ClCompile Include="..\source\hazard.cpp">
      <Filter>Source Files</Filter>
    </ClCompile>
    <ClCompile Include="..\source\hitbox.cpp">
      <Filter>Source Files</Filter>
    </ClCompile>
    <ClCompile Include="..\source\init.cpp">
      <Filter>Source Files</Filter>
    </ClCompile>
    <ClCompile Include="..\source\liquid.cpp">
      <Filter>Source Files</Filter>
    </ClCompile>
    <ClCompile Include="..\source\load.cpp">
      <Filter>Source Files</Filter>
    </ClCompile>
    <ClCompile Include="..\source\main.cpp">
      <Filter>Source Files</Filter>
    </ClCompile>
    <ClCompile Include="..\source\misc_structs.cpp">
      <Filter>Source Files</Filter>
    </ClCompile>
    <ClCompile Include="..\source\mob_script.cpp">
      <Filter>Source Files</Filter>
    </ClCompile>
    <ClCompile Include="..\source\particle.cpp">
      <Filter>Source Files</Filter>
    </ClCompile>
    <ClCompile Include="..\source\replay.cpp">
      <Filter>Source Files</Filter>
    </ClCompile>
    <ClCompile Include="..\source\sector.cpp">
      <Filter>Source Files</Filter>
    </ClCompile>
    <ClCompile Include="..\source\spray_type.cpp">
      <Filter>Source Files</Filter>
    </ClCompile>
    <ClCompile Include="..\source\status.cpp">
      <Filter>Source Files</Filter>
    </ClCompile>
    <ClCompile Include="..\source\weather.cpp">
      <Filter>Source Files</Filter>
    </ClCompile>
    <ClCompile Include="..\source\world_component.cpp">
      <Filter>Source Files</Filter>
    </ClCompile>
    <ClCompile Include="..\source\mob_categories\bouncer_category.cpp">
      <Filter>Source Files\mob_categories</Filter>
    </ClCompile>
    <ClCompile Include="..\source\mob_categories\group_task_category.cpp">
      <Filter>Source Files\mob_categories</Filter>
    </ClCompile>
    <ClCompile Include="..\source\mob_categories\scale_category.cpp">
      <Filter>Source Files\mob_categories</Filter>
    </ClCompile>
    <ClCompile Include="..\source\mob_categories\track_category.cpp">
      <Filter>Source Files\mob_categories</Filter>
    </ClCompile>
    <ClCompile Include="..\source\mob_fsms\bouncer_fsm.cpp">
      <Filter>Source Files\mob_fsms</Filter>
    </ClCompile>
    <ClCompile Include="..\source\mob_fsms\track_fsm.cpp">
      <Filter>Source Files\mob_fsms</Filter>
    </ClCompile>
    <ClCompile Include="..\source\mob_types\bouncer_type.cpp">
      <Filter>Source Files\mob_types</Filter>
    </ClCompile>
    <ClCompile Include="..\source\mob_types\group_task_type.cpp">
      <Filter>Source Files\mob_types</Filter>
    </ClCompile>
    <ClCompile Include="..\source\mob_types\scale_type.cpp">
      <Filter>Source Files\mob_types</Filter>
    </ClCompile>
    <ClCompile Include="..\source\mob_types\track_type.cpp">
      <Filter>Source Files\mob_types</Filter>
    </ClCompile>
    <ClCompile Include="..\source\mobs\bouncer.cpp">
      <Filter>Source Files\mobs</Filter>
    </ClCompile>
    <ClCompile Include="..\source\mobs\group_task.cpp">
      <Filter>Source Files\mobs</Filter>
    </ClCompile>
    <ClCompile Include="..\source\mobs\scale.cpp">
      <Filter>Source Files\mobs</Filter>
    </ClCompile>
    <ClCompile Include="..\source\mobs\track.cpp">
      <Filter>Source Files\mobs</Filter>
    </ClCompile>
    <ClCompile Include="..\source\mob_script_action.cpp">
      <Filter>Source Files</Filter>
    </ClCompile>
    <ClCompile Include="..\source\utils\code_debug.cpp">
      <Filter>Source Files\utils</Filter>
    </ClCompile>
    <ClCompile Include="..\source\utils\data_file.cpp">
      <Filter>Source Files\utils</Filter>
    </ClCompile>
    <ClCompile Include="..\source\game.cpp">
      <Filter>Source Files</Filter>
    </ClCompile>
    <ClCompile Include="..\source\game_config.cpp">
      <Filter>Source Files</Filter>
    </ClCompile>
    <ClCompile Include="..\source\imgui\imgui.cpp">
      <Filter>Source Files\imgui</Filter>
    </ClCompile>
    <ClCompile Include="..\source\imgui\imgui_demo.cpp">
      <Filter>Source Files\imgui</Filter>
    </ClCompile>
    <ClCompile Include="..\source\imgui\imgui_draw.cpp">
      <Filter>Source Files\imgui</Filter>
    </ClCompile>
    <ClCompile Include="..\source\imgui\imgui_impl_allegro5.cpp">
      <Filter>Source Files\imgui</Filter>
    </ClCompile>
    <ClCompile Include="..\source\imgui\imgui_stdlib.cpp">
      <Filter>Source Files\imgui</Filter>
    </ClCompile>
    <ClCompile Include="..\source\imgui\imgui_widgets.cpp">
      <Filter>Source Files\imgui</Filter>
    </ClCompile>
    <ClCompile Include="..\source\mobs\mob_physics.cpp">
      <Filter>Source Files\mobs</Filter>
    </ClCompile>
    <ClCompile Include="..\source\options.cpp">
      <Filter>Source Files</Filter>
    </ClCompile>
    <ClCompile Include="..\source\utils\imgui_utils.cpp">
      <Filter>Source Files\utils</Filter>
    </ClCompile>
    <ClCompile Include="..\source\gui.cpp">
      <Filter>Source Files</Filter>
    </ClCompile>
    <ClCompile Include="..\source\game_states\gameplay\onion_menu.cpp">
      <Filter>Source Files\game_states\gameplay</Filter>
    </ClCompile>
    <ClCompile Include="..\source\game_states\gameplay\pause_menu.cpp">
      <Filter>Source Files\game_states\gameplay</Filter>
    </ClCompile>
    <ClCompile Include="..\source\game_states\animation_editor\drawing.cpp">
      <Filter>Source Files\game_states\animation_editor</Filter>
    </ClCompile>
    <ClCompile Include="..\source\game_states\area_editor\drawing.cpp">
      <Filter>Source Files\game_states\area_editor</Filter>
    </ClCompile>
    <ClCompile Include="..\source\game_states\animation_editor\editor.cpp">
      <Filter>Source Files\game_states\animation_editor</Filter>
    </ClCompile>
    <ClCompile Include="..\source\game_states\area_editor\editor.cpp">
      <Filter>Source Files\game_states\area_editor</Filter>
    </ClCompile>
    <ClCompile Include="..\source\game_states\area_editor\event_handling.cpp">
      <Filter>Source Files\game_states\area_editor</Filter>
    </ClCompile>
    <ClCompile Include="..\source\game_states\animation_editor\event_handling.cpp">
      <Filter>Source Files\game_states\animation_editor</Filter>
    </ClCompile>
    <ClCompile Include="..\source\game_states\animation_editor\gui.cpp">
      <Filter>Source Files\game_states\animation_editor</Filter>
    </ClCompile>
    <ClCompile Include="..\source\game_states\area_editor\gui.cpp">
      <Filter>Source Files\game_states\area_editor</Filter>
    </ClCompile>
    <ClCompile Include="..\source\game_states\area_editor\geometry_logic.cpp">
      <Filter>Source Files\game_states\area_editor</Filter>
    </ClCompile>
    <ClCompile Include="..\source\game_states\gameplay\drawing.cpp">
      <Filter>Source Files\game_states\gameplay</Filter>
    </ClCompile>
    <ClCompile Include="..\source\game_states\gameplay\gameplay.cpp">
      <Filter>Source Files\game_states\gameplay</Filter>
    </ClCompile>
    <ClCompile Include="..\source\game_states\gameplay\logic.cpp">
      <Filter>Source Files\game_states\gameplay</Filter>
    </ClCompile>
    <ClCompile Include="..\source\game_states\area_menu.cpp">
      <Filter>Source Files\game_states</Filter>
    </ClCompile>
    <ClCompile Include="..\source\game_states\controls_menu.cpp">
      <Filter>Source Files\game_states</Filter>
    </ClCompile>
    <ClCompile Include="..\source\game_states\editor.cpp">
      <Filter>Source Files\game_states</Filter>
    </ClCompile>
    <ClCompile Include="..\source\game_states\game_state.cpp">
      <Filter>Source Files\game_states</Filter>
    </ClCompile>
    <ClCompile Include="..\source\game_states\main_menu.cpp">
      <Filter>Source Files\game_states</Filter>
    </ClCompile>
    <ClCompile Include="..\source\game_states\options_menu.cpp">
      <Filter>Source Files\game_states</Filter>
    </ClCompile>
    <ClCompile Include="..\source\game_states\results.cpp">
      <Filter>Source Files\game_states</Filter>
    </ClCompile>
  </ItemGroup>
  <ItemGroup>
    <ResourceCompile Include="resource.rc">
      <Filter>Resource Files</Filter>
    </ResourceCompile>
  </ItemGroup>
  <ItemGroup>
    <Image Include="..\source\Icon.ico">
      <Filter>Resource Files</Filter>
    </Image>
  </ItemGroup>
</Project>